
Microsoft Visual Studio Solution File, Format Version 12.00
# Visual Studio 15
VisualStudioVersion = 15.0.27004.2008
MinimumVisualStudioVersion = 10.0.40219.1
Project("{FAE04EC0-301F-11D3-BF4B-00C04F79EFBC}") = "RdpTest", "RdpTest\RdpTest.csproj", "{1A282828-C161-4293-BD0F-3DAA8183A32C}"
EndProject
Global
	GlobalSection(SolutionConfigurationPlatforms) = preSolution
		Debug|Any CPU = Debug|Any CPU
		Release|Any CPU = Release|Any CPU
	EndGlobalSection
	GlobalSection(ProjectConfigurationPlatforms) = postSolution
		{1A282828-C161-4293-BD0F-3DAA8183A32C}.Debug|Any CPU.ActiveCfg = Debug|Any CPU
		{1A282828-C161-4293-BD0F-3DAA8183A32C}.Debug|Any CPU.Build.0 = Debug|Any CPU
		{1A282828-C161-4293-BD0F-3DAA8183A32C}.Release|Any CPU.ActiveCfg = Release|Any CPU
		{1A282828-C161-4293-BD0F-3DAA8183A32C}.Release|Any CPU.Build.0 = Release|Any CPU
	EndGlobalSection
	GlobalSection(SolutionProperties) = preSolution
		HideSolutionNode = FALSE
	EndGlobalSection
	GlobalSection(ExtensibilityGlobals) = postSolution
		SolutionGuid = {8CC8E13C-B621-4B9B-ACD2-4143B3A9B670}
	EndGlobalSection
EndGlobal
